
Microsoft Visual Studio Solution File, Format Version 12.00
# Visual Studio Version 16
VisualStudioVersion = 16.0.32228.343
MinimumVisualStudioVersion = 10.0.40219.1
Project("{FAE04EC0-301F-11D3-BF4B-00C04F79EFBC}") = "WebApp", "WebApp\WebApp.csproj", "{8D9947F9-556A-4457-9BCB-61124F9CB4A2}"
EndProject
Global
	GlobalSection(SolutionConfigurationPlatforms) = preSolution
		Debug|Any CPU = Debug|Any CPU
		Release|Any CPU = Release|Any CPU
	EndGlobalSection
	GlobalSection(ProjectConfigurationPlatforms) = postSolution
		{8D9947F9-556A-4457-9BCB-61124F9CB4A2}.Debug|Any CPU.ActiveCfg = Debug|Any CPU
		{8D9947F9-556A-4457-9BCB-61124F9CB4A2}.Debug|Any CPU.Build.0 = Debug|Any CPU
		{8D9947F9-556A-4457-9BCB-61124F9CB4A2}.Release|Any CPU.ActiveCfg = Release|Any CPU
		{8D9947F9-556A-4457-9BCB-61124F9CB4A2}.Release|Any CPU.Build.0 = Release|Any CPU
	EndGlobalSection
	GlobalSection(SolutionProperties) = preSolution
		HideSolutionNode = FALSE
	EndGlobalSection
	GlobalSection(ExtensibilityGlobals) = postSolution
		SolutionGuid = {56717995-54E5-4974-8A28-A5CE0C8469F3}
	EndGlobalSection
EndGlobal
